
Microsoft Visual Studio Solution File, Format Version 12.00
# Visual Studio Version 17
VisualStudioVersion = 17.2.32505.173
MinimumVisualStudioVersion = 10.0.40219.1
Project("{FAE04EC0-301F-11D3-BF4B-00C04F79EFBC}") = "Qualminds.Ems", "Qualminds.Ems\Qualminds.Ems.csproj", "{609F1AF3-DDE2-41E5-92D3-4EB77111D999}"
EndProject
Project("{FAE04EC0-301F-11D3-BF4B-00C04F79EFBC}") = "Qualminds.Ems.Core", "Qualminds.Ems.Core\Qualminds.Ems.Core.csproj", "{89CCD5CB-0CE6-411F-ACAF-2E664B02DBD1}"
EndProject
Project("{FAE04EC0-301F-11D3-BF4B-00C04F79EFBC}") = "Qualminds.Ems.Infrastructure", "Qualminds.Ems.Infrastructure\Qualminds.Ems.Infrastructure.csproj", "{FABD6840-2E4B-49D3-BFFD-9073A1B7361C}"
EndProject
Global
	GlobalSection(SolutionConfigurationPlatforms) = preSolution
		Debug|Any CPU = Debug|Any CPU
		Release|Any CPU = Release|Any CPU
	EndGlobalSection
	GlobalSection(ProjectConfigurationPlatforms) = postSolution
		{609F1AF3-DDE2-41E5-92D3-4EB77111D999}.Debug|Any CPU.ActiveCfg = Debug|Any CPU
		{609F1AF3-DDE2-41E5-92D3-4EB77111D999}.Debug|Any CPU.Build.0 = Debug|Any CPU
		{609F1AF3-DDE2-41E5-92D3-4EB77111D999}.Release|Any CPU.ActiveCfg = Release|Any CPU
		{609F1AF3-DDE2-41E5-92D3-4EB77111D999}.Release|Any CPU.Build.0 = Release|Any CPU
		{89CCD5CB-0CE6-411F-ACAF-2E664B02DBD1}.Debug|Any CPU.ActiveCfg = Debug|Any CPU
		{89CCD5CB-0CE6-411F-ACAF-2E664B02DBD1}.Debug|Any CPU.Build.0 = Debug|Any CPU
		{89CCD5CB-0CE6-411F-ACAF-2E664B02DBD1}.Release|Any CPU.ActiveCfg = Release|Any CPU
		{89CCD5CB-0CE6-411F-ACAF-2E664B02DBD1}.Release|Any CPU.Build.0 = Release|Any CPU
		{FABD6840-2E4B-49D3-BFFD-9073A1B7361C}.Debug|Any CPU.ActiveCfg = Debug|Any CPU
		{FABD6840-2E4B-49D3-BFFD-9073A1B7361C}.Debug|Any CPU.Build.0 = Debug|Any CPU
		{FABD6840-2E4B-49D3-BFFD-9073A1B7361C}.Release|Any CPU.ActiveCfg = Release|Any CPU
		{FABD6840-2E4B-49D3-BFFD-9073A1B7361C}.Release|Any CPU.Build.0 = Release|Any CPU
	EndGlobalSection
	GlobalSection(SolutionProperties) = preSolution
		HideSolutionNode = FALSE
	EndGlobalSection
	GlobalSection(ExtensibilityGlobals) = postSolution
		SolutionGuid = {EF48464A-AA70-4E98-B09A-C03A5DF5D46E}
	EndGlobalSection
EndGlobal
