
Microsoft Visual Studio Solution File, Format Version 12.00
# Visual Studio Version 17
VisualStudioVersion = 17.0.32112.339
MinimumVisualStudioVersion = 10.0.40219.1
Project("{FAE04EC0-301F-11D3-BF4B-00C04F79EFBC}") = "HelloWorldVs", "HelloWorldVs\HelloWorldVs.csproj", "{72A19FD6-0341-4601-A693-8A70E11C54C4}"
EndProject
Project("{FAE04EC0-301F-11D3-BF4B-00C04F79EFBC}") = "HelloWorldVs.ArithmaticLibrary", "HelloWorldVs.ArithmaticLibrary\HelloWorldVs.ArithmaticLibrary.csproj", "{17C1B6C1-1513-4DF4-A02C-666A1AC3A380}"
EndProject
Global
	GlobalSection(SolutionConfigurationPlatforms) = preSolution
		Debug|Any CPU = Debug|Any CPU
		Release|Any CPU = Release|Any CPU
	EndGlobalSection
	GlobalSection(ProjectConfigurationPlatforms) = postSolution
		{72A19FD6-0341-4601-A693-8A70E11C54C4}.Debug|Any CPU.ActiveCfg = Debug|Any CPU
		{72A19FD6-0341-4601-A693-8A70E11C54C4}.Debug|Any CPU.Build.0 = Debug|Any CPU
		{72A19FD6-0341-4601-A693-8A70E11C54C4}.Release|Any CPU.ActiveCfg = Release|Any CPU
		{72A19FD6-0341-4601-A693-8A70E11C54C4}.Release|Any CPU.Build.0 = Release|Any CPU
		{17C1B6C1-1513-4DF4-A02C-666A1AC3A380}.Debug|Any CPU.ActiveCfg = Debug|Any CPU
		{17C1B6C1-1513-4DF4-A02C-666A1AC3A380}.Debug|Any CPU.Build.0 = Debug|Any CPU
		{17C1B6C1-1513-4DF4-A02C-666A1AC3A380}.Release|Any CPU.ActiveCfg = Release|Any CPU
		{17C1B6C1-1513-4DF4-A02C-666A1AC3A380}.Release|Any CPU.Build.0 = Release|Any CPU
	EndGlobalSection
	GlobalSection(SolutionProperties) = preSolution
		HideSolutionNode = FALSE
	EndGlobalSection
	GlobalSection(ExtensibilityGlobals) = postSolution
		SolutionGuid = {34FE6CAB-9C61-4166-B18C-1AA93F9E094E}
	EndGlobalSection
EndGlobal
